
Microsoft Visual Studio Solution File, Format Version 12.00
# Visual Studio 15
VisualStudioVersion = 15.0.28010.2026
MinimumVisualStudioVersion = 10.0.40219.1
Project("{9A19103F-16F7-4668-BE54-9A1E7A4F7556}") = "PersonalWebsite", "PersonalWebsite\PersonalWebsite.csproj", "{7EAEAA34-C1EE-4976-9AEE-46632F4D31AF}"
EndProject
Project("{00D1A9C2-B5F0-4AF3-8072-F6C62B433612}") = "Database", "Database1\Database.sqlproj", "{47D9FA5C-94C6-4547-BEBA-999473A8DB0F}"
EndProject
Global
	GlobalSection(SolutionConfigurationPlatforms) = preSolution
		Debug|Any CPU = Debug|Any CPU
		Release|Any CPU = Release|Any CPU
	EndGlobalSection
	GlobalSection(ProjectConfigurationPlatforms) = postSolution
		{7EAEAA34-C1EE-4976-9AEE-46632F4D31AF}.Debug|Any CPU.ActiveCfg = Debug|Any CPU
		{7EAEAA34-C1EE-4976-9AEE-46632F4D31AF}.Debug|Any CPU.Build.0 = Debug|Any CPU
		{7EAEAA34-C1EE-4976-9AEE-46632F4D31AF}.Release|Any CPU.ActiveCfg = Release|Any CPU
		{7EAEAA34-C1EE-4976-9AEE-46632F4D31AF}.Release|Any CPU.Build.0 = Release|Any CPU
		{47D9FA5C-94C6-4547-BEBA-999473A8DB0F}.Debug|Any CPU.ActiveCfg = Debug|Any CPU
		{47D9FA5C-94C6-4547-BEBA-999473A8DB0F}.Debug|Any CPU.Build.0 = Debug|Any CPU
		{47D9FA5C-94C6-4547-BEBA-999473A8DB0F}.Debug|Any CPU.Deploy.0 = Debug|Any CPU
		{47D9FA5C-94C6-4547-BEBA-999473A8DB0F}.Release|Any CPU.ActiveCfg = Release|Any CPU
		{47D9FA5C-94C6-4547-BEBA-999473A8DB0F}.Release|Any CPU.Build.0 = Release|Any CPU
		{47D9FA5C-94C6-4547-BEBA-999473A8DB0F}.Release|Any CPU.Deploy.0 = Release|Any CPU
	EndGlobalSection
	GlobalSection(SolutionProperties) = preSolution
		HideSolutionNode = FALSE
	EndGlobalSection
	GlobalSection(ExtensibilityGlobals) = postSolution
		SolutionGuid = {8F5CC28B-7A03-442B-8F00-F15DB3388A68}
	EndGlobalSection
EndGlobal
